
Microsoft Visual Studio Solution File, Format Version 12.00
# Visual Studio Version 17
VisualStudioVersion = 17.10.35122.118
MinimumVisualStudioVersion = 10.0.40219.1
Project("{8BC9CEB8-8B4A-11D0-8D11-00A0C91BC942}") = "SeniorDesign", "SeniorDesign.vcxproj", "{F4A67C96-A61C-475E-AF22-17F92EF1AAF5}"
EndProject
Global
	GlobalSection(SolutionConfigurationPlatforms) = preSolution
		Debug|x64 = Debug|x64
		Debug|x86 = Debug|x86
		Release|x64 = Release|x64
		Release|x86 = Release|x86
	EndGlobalSection
	GlobalSection(ProjectConfigurationPlatforms) = postSolution
		{F4A67C96-A61C-475E-AF22-17F92EF1AAF5}.Debug|x64.ActiveCfg = Debug|x64
		{F4A67C96-A61C-475E-AF22-17F92EF1AAF5}.Debug|x64.Build.0 = Debug|x64
		{F4A67C96-A61C-475E-AF22-17F92EF1AAF5}.Debug|x86.ActiveCfg = Debug|Win32
		{F4A67C96-A61C-475E-AF22-17F92EF1AAF5}.Debug|x86.Build.0 = Debug|Win32
		{F4A67C96-A61C-475E-AF22-17F92EF1AAF5}.Release|x64.ActiveCfg = Release|x64
		{F4A67C96-A61C-475E-AF22-17F92EF1AAF5}.Release|x64.Build.0 = Release|x64
		{F4A67C96-A61C-475E-AF22-17F92EF1AAF5}.Release|x86.ActiveCfg = Release|Win32
		{F4A67C96-A61C-475E-AF22-17F92EF1AAF5}.Release|x86.Build.0 = Release|Win32
	EndGlobalSection
	GlobalSection(SolutionProperties) = preSolution
		HideSolutionNode = FALSE
	EndGlobalSection
	GlobalSection(ExtensibilityGlobals) = postSolution
		SolutionGuid = {7BD5C40C-7ACE-4394-9A20-268DBA9483B5}
	EndGlobalSection
EndGlobal
